// !$*UTF8*$!
{
	archiveVersion = 1;
	classes = {
	};
	objectVersion = 56;
	objects = {

/* Begin PBXBuildFile section */
		2EE0C3832AD0F8AF00C2ADB3 /* AppDelegate.swift in Sources */ = {isa = PBXBuildFile; fileRef = 2EE0C3822AD0F8AF00C2ADB3 /* AppDelegate.swift */; };
		2EE0C3852AD0F8AF00C2ADB3 /* SceneDelegate.swift in Sources */ = {isa = PBXBuildFile; fileRef = 2EE0C3842AD0F8AF00C2ADB3 /* SceneDelegate.swift */; };
		2EE0C3872AD0F8AF00C2ADB3 /* ViewController.swift in Sources */ = {isa = PBXBuildFile; fileRef = 2EE0C3862AD0F8AF00C2ADB3 /* ViewController.swift */; };
		2EE0C38A2AD0F8AF00C2ADB3 /* Main.storyboard in Resources */ = {isa = PBXBuildFile; fileRef = 2EE0C3882AD0F8AF00C2ADB3 /* Main.storyboard */; };
		2EE0C38C2AD0F8B300C2ADB3 /* Assets.xcassets in Resources */ = {isa = PBXBuildFile; fileRef = 2EE0C38B2AD0F8B300C2ADB3 /* Assets.xcassets */; };
		2EE0C38F2AD0F8B300C2ADB3 /* LaunchScreen.storyboard in Resources */ = {isa = PBXBuildFile; fileRef = 2EE0C38D2AD0F8B300C2ADB3 /* LaunchScreen.storyboard */; };
/* End PBXBuildFile section */

/* Begin PBXFileReference section */
		2EE0C37F2AD0F8AF00C2ADB3 /* SHU DTX10.app */ = {isa = PBXFileReference; explicitFileType = wrapper.application; includeInIndex = 0; path = "SHU DTX10.app"; sourceTree = BUILT_PRODUCTS_DIR; };
		2EE0C3822AD0F8AF00C2ADB3 /* AppDelegate.swift */ = {isa = PBXFileReference; lastKnownFileType = sourcecode.swift; path = AppDelegate.swift; sourceTree = "<group>"; };
		2EE0C3842AD0F8AF00C2ADB3 /* SceneDelegate.swift */ = {isa = PBXFileReference; lastKnownFileType = sourcecode.swift; path = SceneDelegate.swift; sourceTree = "<group>"; };
		2EE0C3862AD0F8AF00C2ADB3 /* ViewController.swift */ = {isa = PBXFileReference; lastKnownFileType = sourcecode.swift; path = ViewController.swift; sourceTree = "<group>"; };
		2EE0C3892AD0F8AF00C2ADB3 /* Base */ = {isa = PBXFileReference; lastKnownFileType = file.storyboard; name = Base; path = Base.lproj/Main.storyboard; sourceTree = "<group>"; };
		2EE0C38B2AD0F8B300C2ADB3 /* Assets.xcassets */ = {isa = PBXFileReference; lastKnownFileType = folder.assetcatalog; path = Assets.xcassets; sourceTree = "<group>"; };
		2EE0C38E2AD0F8B300C2ADB3 /* Base */ = {isa = PBXFileReference; lastKnownFileType = file.storyboard; name = Base; path = Base.lproj/LaunchScreen.storyboard; sourceTree = "<group>"; };
		2EE0C3902AD0F8B300C2ADB3 /* Info.plist */ = {isa = PBXFileReference; lastKnownFileType = text.plist.xml; path = Info.plist; sourceTree = "<group>"; };
/* End PBXFileReference section */

/* Begin PBXFrameworksBuildPhase section */
		2EE0C37C2AD0F8AF00C2ADB3 /* Frameworks */ = {
			isa = PBXFrameworksBuildPhase;
			buildActionMask = 2147483647;
			files = (
			);
			runOnlyForDeploymentPostprocessing = 0;
		};
/* End PBXFrameworksBuildPhase section */

/* Begin PBXGroup section */
		2EE0C3762AD0F8AF00C2ADB3 = {
			isa = PBXGroup;
			children = (
				2EE0C3812AD0F8AF00C2ADB3 /* SHU DTX10 */,
				2EE0C3802AD0F8AF00C2ADB3 /* Products */,
			);
			sourceTree = "<group>";
		};
		2EE0C3802AD0F8AF00C2ADB3 /* Products */ = {
			isa = PBXGroup;
			children = (
				2EE0C37F2AD0F8AF00C2ADB3 /* SHU DTX10.app */,
			);
			name = Products;
			sourceTree = "<group>";
		};
		2EE0C3812AD0F8AF00C2ADB3 /* SHU DTX10 */ = {
			isa = PBXGroup;
			children = (
				2EE0C3992AD0FA4500C2ADB3 /* Helper */,
				2EE0C3982AD0F9F000C2ADB3 /* Views */,
				2EE0C3972AD0F9DC00C2ADB3 /* Resources */,
				2EE0C3962AD0F97C00C2ADB3 /* Common */,
				2EE0C3902AD0F8B300C2ADB3 /* Info.plist */,
			);
			path = "SHU DTX10";
			sourceTree = "<group>";
		};
		2EE0C3962AD0F97C00C2ADB3 /* Common */ = {
			isa = PBXGroup;
			children = (
				2EE0C3842AD0F8AF00C2ADB3 /* SceneDelegate.swift */,
				2EE0C3822AD0F8AF00C2ADB3 /* AppDelegate.swift */,
				2EE0C3882AD0F8AF00C2ADB3 /* Main.storyboard */,
				2EE0C38D2AD0F8B300C2ADB3 /* LaunchScreen.storyboard */,
			);
			path = Common;
			sourceTree = "<group>";
		};
		2EE0C3972AD0F9DC00C2ADB3 /* Resources */ = {
			isa = PBXGroup;
			children = (
				2EE0C38B2AD0F8B300C2ADB3 /* Assets.xcassets */,
			);
			path = Resources;
			sourceTree = "<group>";
		};
		2EE0C3982AD0F9F000C2ADB3 /* Views */ = {
			isa = PBXGroup;
			children = (
				2EE0C3862AD0F8AF00C2ADB3 /* ViewController.swift */,
			);
			path = Views;
			sourceTree = "<group>";
		};
		2EE0C3992AD0FA4500C2ADB3 /* Helper */ = {
			isa = PBXGroup;
			children = (
			);
			path = Helper;
			sourceTree = "<group>";
		};
/* End PBXGroup section */

/* Begin PBXNativeTarget section */
		2EE0C37E2AD0F8AF00C2ADB3 /* SHU DTX10 */ = {
			isa = PBXNativeTarget;
			buildConfigurationList = 2EE0C3932AD0F8B300C2ADB3 /* Build configuration list for PBXNativeTarget "SHU DTX10" */;
			buildPhases = (
				2EE0C37B2AD0F8AF00C2ADB3 /* Sources */,
				2EE0C37C2AD0F8AF00C2ADB3 /* Frameworks */,
				2EE0C37D2AD0F8AF00C2ADB3 /* Resources */,
			);
			buildRules = (
			);
			dependencies = (
			);
			name = "SHU DTX10";
			productName = "SHU DTX10";
			productReference = 2EE0C37F2AD0F8AF00C2ADB3 /* SHU DTX10.app */;
			productType = "com.apple.product-type.application";
		};
/* End PBXNativeTarget section */

/* Begin PBXProject section */
		2EE0C3772AD0F8AF00C2ADB3 /* Project object */ = {
			isa = PBXProject;
			attributes = {
				BuildIndependentTargetsInParallel = 1;
				LastSwiftUpdateCheck = 1500;
				LastUpgradeCheck = 1500;
				TargetAttributes = {
					2EE0C37E2AD0F8AF00C2ADB3 = {
						CreatedOnToolsVersion = 15.0;
					};
				};
			};
			buildConfigurationList = 2EE0C37A2AD0F8AF00C2ADB3 /* Build configuration list for PBXProject "SHU DTX10" */;
			compatibilityVersion = "Xcode 14.0";
			developmentRegion = en;
			hasScannedForEncodings = 0;
			knownRegions = (
				en,
				Base,
			);
			mainGroup = 2EE0C3762AD0F8AF00C2ADB3;
			productRefGroup = 2EE0C3802AD0F8AF00C2ADB3 /* Products */;
			projectDirPath = "";
			projectRoot = "";
			targets = (
				2EE0C37E2AD0F8AF00C2ADB3 /* SHU DTX10 */,
			);
		};
/* End PBXProject section */

/* Begin PBXResourcesBuildPhase section */
		2EE0C37D2AD0F8AF00C2ADB3 /* Resources */ = {
			isa = PBXResourcesBuildPhase;
			buildActionMask = 2147483647;
			files = (
				2EE0C38F2AD0F8B300C2ADB3 /* LaunchScreen.storyboard in Resources */,
				2EE0C38C2AD0F8B300C2ADB3 /* Assets.xcassets in Resources */,
				2EE0C38A2AD0F8AF00C2ADB3 /* Main.storyboard in Resources */,
			);
			runOnlyForDeploymentPostprocessing = 0;
		};
/* End PBXResourcesBuildPhase section */

/* Begin PBXSourcesBuildPhase section */
		2EE0C37B2AD0F8AF00C2ADB3 /* Sources */ = {
			isa = PBXSourcesBuildPhase;
			buildActionMask = 2147483647;
			files = (
				2EE0C3872AD0F8AF00C2ADB3 /* ViewController.swift in Sources */,
				2EE0C3832AD0F8AF00C2ADB3 /* AppDelegate.swift in Sources */,
				2EE0C3852AD0F8AF00C2ADB3 /* SceneDelegate.swift in Sources */,
			);
			runOnlyForDeploymentPostprocessing = 0;
		};
/* End PBXSourcesBuildPhase section */

/* Begin PBXVariantGroup section */
		2EE0C3882AD0F8AF00C2ADB3 /* Main.storyboard */ = {
			isa = PBXVariantGroup;
			children = (
				2EE0C3892AD0F8AF00C2ADB3 /* Base */,
			);
			name = Main.storyboard;
			sourceTree = "<group>";
		};
		2EE0C38D2AD0F8B300C2ADB3 /* LaunchScreen.storyboard */ = {
			isa = PBXVariantGroup;
			children = (
				2EE0C38E2AD0F8B300C2ADB3 /* Base */,
			);
			name = LaunchScreen.storyboard;
			sourceTree = "<group>";
		};
/* End PBXVariantGroup section */

/* Begin XCBuildConfiguration section */
		2EE0C3912AD0F8B300C2ADB3 /* Debug */ = {
			isa = XCBuildConfiguration;
			buildSettings = {
				ALWAYS_SEARCH_USER_PATHS = NO;
				ASSETCATALOG_COMPILER_GENERATE_SWIFT_ASSET_SYMBOL_EXTENSIONS = YES;
				CLANG_ANALYZER_NONNULL = YES;
				CLANG_ANALYZER_NUMBER_OBJECT_CONVERSION = YES_AGGRESSIVE;
				CLANG_CXX_LANGUAGE_STANDARD = "gnu++20";
				CLANG_ENABLE_MODULES = YES;
				CLANG_ENABLE_OBJC_ARC = YES;
				CLANG_ENABLE_OBJC_WEAK = YES;
				CLANG_WARN_BLOCK_CAPTURE_AUTORELEASING = YES;
				CLANG_WARN_BOOL_CONVERSION = YES;
				CLANG_WARN_COMMA = YES;
				CLANG_WARN_CONSTANT_CONVERSION = YES;
				CLANG_WARN_DEPRECATED_OBJC_IMPLEMENTATIONS = YES;
				CLANG_WARN_DIRECT_OBJC_ISA_USAGE = YES_ERROR;
				CLANG_WARN_DOCUMENTATION_COMMENTS = YES;
				CLANG_WARN_EMPTY_BODY = YES;
				CLANG_WARN_ENUM_CONVERSION = YES;
				CLANG_WARN_INFINITE_RECURSION = YES;
				CLANG_WARN_INT_CONVERSION = YES;
				CLANG_WARN_NON_LITERAL_NULL_CONVERSION = YES;
				CLANG_WARN_OBJC_IMPLICIT_RETAIN_SELF = YES;
				CLANG_WARN_OBJC_LITERAL_CONVERSION = YES;
				CLANG_WARN_OBJC_ROOT_CLASS = YES_ERROR;
				CLANG_WARN_QUOTED_INCLUDE_IN_FRAMEWORK_HEADER = YES;
				CLANG_WARN_RANGE_LOOP_ANALYSIS = YES;
				CLANG_WARN_STRICT_PROTOTYPES = YES;
				CLANG_WARN_SUSPICIOUS_MOVE = YES;
				CLANG_WARN_UNGUARDED_AVAILABILITY = YES_AGGRESSIVE;
				CLANG_WARN_UNREACHABLE_CODE = YES;
				CLANG_WARN__DUPLICATE_METHOD_MATCH = YES;
				COPY_PHASE_STRIP = NO;
				DEBUG_INFORMATION_FORMAT = dwarf;
				ENABLE_STRICT_OBJC_MSGSEND = YES;
				ENABLE_TESTABILITY = YES;
				ENABLE_USER_SCRIPT_SANDBOXING = YES;
				GCC_C_LANGUAGE_STANDARD = gnu17;
				GCC_DYNAMIC_NO_PIC = NO;
				GCC_NO_COMMON_BLOCKS = YES;
				GCC_OPTIMIZATION_LEVEL = 0;
				GCC_PREPROCESSOR_DEFINITIONS = (
					"DEBUG=1",
					"$(inherited)",
				);
				GCC_WARN_64_TO_32_BIT_CONVERSION = YES;
				GCC_WARN_ABOUT_RETURN_TYPE = YES_ERROR;
				GCC_WARN_UNDECLARED_SELECTOR = YES;
				GCC_WARN_UNINITIALIZED_AUTOS = YES_AGGRESSIVE;
				GCC_WARN_UNUSED_FUNCTION = YES;
				GCC_WARN_UNUSED_VARIABLE = YES;
				IPHONEOS_DEPLOYMENT_TARGET = 17.0;
				LOCALIZATION_PREFERS_STRING_CATALOGS = YES;
				MTL_ENABLE_DEBUG_INFO = INCLUDE_SOURCE;
				MTL_FAST_MATH = YES;
				ONLY_ACTIVE_ARCH = YES;
				SDKROOT = iphoneos;
				SWIFT_ACTIVE_COMPILATION_CONDITIONS = "DEBUG $(inherited)";
				SWIFT_OPTIMIZATION_LEVEL = "-Onone";
			};
			name = Debug;
		};
		2EE0C3922AD0F8B300C2ADB3 /* Release */ = {
			isa = XCBuildConfiguration;
			buildSettings = {
				ALWAYS_SEARCH_USER_PATHS = NO;
				ASSETCATALOG_COMPILER_GENERATE_SWIFT_ASSET_SYMBOL_EXTENSIONS = YES;
				CLANG_ANALYZER_NONNULL = YES;
				CLANG_ANALYZER_NUMBER_OBJECT_CONVERSION = YES_AGGRESSIVE;
				CLANG_CXX_LANGUAGE_STANDARD = "gnu++20";
				CLANG_ENABLE_MODULES = YES;
				CLANG_ENABLE_OBJC_ARC = YES;
				CLANG_ENABLE_OBJC_WEAK = YES;
				CLANG_WARN_BLOCK_CAPTURE_AUTORELEASING = YES;
				CLANG_WARN_BOOL_CONVERSION = YES;
				CLANG_WARN_COMMA = YES;
				CLANG_WARN_CONSTANT_CONVERSION = YES;
				CLANG_WARN_DEPRECATED_OBJC_IMPLEMENTATIONS = YES;
				CLANG_WARN_DIRECT_OBJC_ISA_USAGE = YES_ERROR;
				CLANG_WARN_DOCUMENTATION_COMMENTS = YES;
				CLANG_WARN_EMPTY_BODY = YES;
				CLANG_WARN_ENUM_CONVERSION = YES;
				CLANG_WARN_INFINITE_RECURSION = YES;
				CLANG_WARN_INT_CONVERSION = YES;
				CLANG_WARN_NON_LITERAL_NULL_CONVERSION = YES;
				CLANG_WARN_OBJC_IMPLICIT_RETAIN_SELF = YES;
				CLANG_WARN_OBJC_LITERAL_CONVERSION = YES;
				CLANG_WARN_OBJC_ROOT_CLASS = YES_ERROR;
				CLANG_WARN_QUOTED_INCLUDE_IN_FRAMEWORK_HEADER = YES;
				CLANG_WARN_RANGE_LOOP_ANALYSIS = YES;
				CLANG_WARN_STRICT_PROTOTYPES = YES;
				CLANG_WARN_SUSPICIOUS_MOVE = YES;
				CLANG_WARN_UNGUARDED_AVAILABILITY = YES_AGGRESSIVE;
				CLANG_WARN_UNREACHABLE_CODE = YES;
				CLANG_WARN__DUPLICATE_METHOD_MATCH = YES;
				COPY_PHASE_STRIP = NO;
				DEBUG_INFORMATION_FORMAT = "dwarf-with-dsym";
				ENABLE_NS_ASSERTIONS = NO;
				ENABLE_STRICT_OBJC_MSGSEND = YES;
				ENABLE_USER_SCRIPT_SANDBOXING = YES;
				GCC_C_LANGUAGE_STANDARD = gnu17;
				GCC_NO_COMMON_BLOCKS = YES;
				GCC_WARN_64_TO_32_BIT_CONVERSION = YES;
				GCC_WARN_ABOUT_RETURN_TYPE = YES_ERROR;
				GCC_WARN_UNDECLARED_SELECTOR = YES;
				GCC_WARN_UNINITIALIZED_AUTOS = YES_AGGRESSIVE;
				GCC_WARN_UNUSED_FUNCTION = YES;
				GCC_WARN_UNUSED_VARIABLE = YES;
				IPHONEOS_DEPLOYMENT_TARGET = 17.0;
				LOCALIZATION_PREFERS_STRING_CATALOGS = YES;
				MTL_ENABLE_DEBUG_INFO = NO;
				MTL_FAST_MATH = YES;
				SDKROOT = iphoneos;
				SWIFT_COMPILATION_MODE = wholemodule;
				VALIDATE_PRODUCT = YES;
			};
			name = Release;
		};
		2EE0C3942AD0F8B300C2ADB3 /* Debug */ = {
			isa = XCBuildConfiguration;
			buildSettings = {
				ASSETCATALOG_COMPILER_APPICON_NAME = AppIcon;
				ASSETCATALOG_COMPILER_GLOBAL_ACCENT_COLOR_NAME = AccentColor;
				CODE_SIGN_STYLE = Automatic;
				CURRENT_PROJECT_VERSION = 1;
				DEVELOPMENT_TEAM = Z7J76R2XG5;
				GENERATE_INFOPLIST_FILE = YES;
				INFOPLIST_FILE = "SHU DTX10/Info.plist";
				INFOPLIST_KEY_UIApplicationSupportsIndirectInputEvents = YES;
				INFOPLIST_KEY_UILaunchStoryboardName = LaunchScreen;
				INFOPLIST_KEY_UIMainStoryboardFile = Main;
				INFOPLIST_KEY_UISupportedInterfaceOrientations_iPad = "UIInterfaceOrientationPortrait UIInterfaceOrientationPortraitUpsideDown UIInterfaceOrientationLandscapeLeft UIInterfaceOrientationLandscapeRight";
				INFOPLIST_KEY_UISupportedInterfaceOrientations_iPhone = "UIInterfaceOrientationPortrait UIInterfaceOrientationLandscapeLeft UIInterfaceOrientationLandscapeRight";
				IPHONEOS_DEPLOYMENT_TARGET = 13.0;
				LD_RUNPATH_SEARCH_PATHS = (
					"$(inherited)",
					"@executable_path/Frameworks",
				);
				MARKETING_VERSION = 1.0;
				PRODUCT_BUNDLE_IDENTIFIER = "com.unex.ios.SHU-DTX10";
				PRODUCT_NAME = "$(TARGET_NAME)";
				SWIFT_EMIT_LOC_STRINGS = YES;
				SWIFT_VERSION = 5.0;
				TARGETED_DEVICE_FAMILY = "1,2";
			};
			name = Debug;
		};
		2EE0C3952AD0F8B300C2ADB3 /* Release */ = {
			isa = XCBuildConfiguration;
			buildSettings = {
				ASSETCATALOG_COMPILER_APPICON_NAME = AppIcon;
				ASSETCATALOG_COMPILER_GLOBAL_ACCENT_COLOR_NAME = AccentColor;
				CODE_SIGN_STYLE = Automatic;
				CURRENT_PROJECT_VERSION = 1;
				DEVELOPMENT_TEAM = Z7J76R2XG5;
				GENERATE_INFOPLIST_FILE = YES;
				INFOPLIST_FILE = "SHU DTX10/Info.plist";
				INFOPLIST_KEY_UIApplicationSupportsIndirectInputEvents = YES;
				INFOPLIST_KEY_UILaunchStoryboardName = LaunchScreen;
				INFOPLIST_KEY_UIMainStoryboardFile = Main;
				INFOPLIST_KEY_UISupportedInterfaceOrientations_iPad = "UIInterfaceOrientationPortrait UIInterfaceOrientationPortraitUpsideDown UIInterfaceOrientationLandscapeLeft UIInterfaceOrientationLandscapeRight";
				INFOPLIST_KEY_UISupportedInterfaceOrientations_iPhone = "UIInterfaceOrientationPortrait UIInterfaceOrientationLandscapeLeft UIInterfaceOrientationLandscapeRight";
				IPHONEOS_DEPLOYMENT_TARGET = 13.0;
				LD_RUNPATH_SEARCH_PATHS = (
					"$(inherited)",
					"@executable_path/Frameworks",
				);
				MARKETING_VERSION = 1.0;
				PRODUCT_BUNDLE_IDENTIFIER = "com.unex.ios.SHU-DTX10";
				PRODUCT_NAME = "$(TARGET_NAME)";
				SWIFT_EMIT_LOC_STRINGS = YES;
				SWIFT_VERSION = 5.0;
				TARGETED_DEVICE_FAMILY = "1,2";
			};
			name = Release;
		};
/* End XCBuildConfiguration section */

/* Begin XCConfigurationList section */
		2EE0C37A2AD0F8AF00C2ADB3 /* Build configuration list for PBXProject "SHU DTX10" */ = {
			isa = XCConfigurationList;
			buildConfigurations = (
				2EE0C3912AD0F8B300C2ADB3 /* Debug */,
				2EE0C3922AD0F8B300C2ADB3 /* Release */,
			);
			defaultConfigurationIsVisible = 0;
			defaultConfigurationName = Release;
		};
		2EE0C3932AD0F8B300C2ADB3 /* Build configuration list for PBXNativeTarget "SHU DTX10" */ = {
			isa = XCConfigurationList;
			buildConfigurations = (
				2EE0C3942AD0F8B300C2ADB3 /* Debug */,
				2EE0C3952AD0F8B300C2ADB3 /* Release */,
			);
			defaultConfigurationIsVisible = 0;
			defaultConfigurationName = Release;
		};
/* End XCConfigurationList section */
	};
	rootObject = 2EE0C3772AD0F8AF00C2ADB3 /* Project object */;
}
